// !$*UTF8*$!
{
	archiveVersion = 1;
	classes = {
	};
	objectVersion = 46;
	objects = {

/* Begin PBXBuildFile section */
		16AC9C899D007E4470302AFD /* libPods-RRBliBli.a in Frameworks */ = {isa = PBXBuildFile; fileRef = BCA14AA3B407A429F20E405F /* libPods-RRBliBli.a */; };
		CACAD1F71D1B9E780008B4B6 /* Main.storyboard in Resources */ = {isa = PBXBuildFile; fileRef = CACAD1F51D1B9E780008B4B6 /* Main.storyboard */; };
		CACAD1F91D1B9E780008B4B6 /* Assets.xcassets in Resources */ = {isa = PBXBuildFile; fileRef = CACAD1F81D1B9E780008B4B6 /* Assets.xcassets */; };
		CACAD1FC1D1B9E780008B4B6 /* LaunchScreen.storyboard in Resources */ = {isa = PBXBuildFile; fileRef = CACAD1FA1D1B9E780008B4B6 /* LaunchScreen.storyboard */; };
		CACAD2071D1B9E790008B4B6 /* RRBliBliTests.m in Sources */ = {isa = PBXBuildFile; fileRef = CACAD2061D1B9E790008B4B6 /* RRBliBliTests.m */; };
		CACAD2121D1B9E790008B4B6 /* RRBliBliUITests.m in Sources */ = {isa = PBXBuildFile; fileRef = CACAD2111D1B9E790008B4B6 /* RRBliBliUITests.m */; };
		CACAD2291D1BCA500008B4B6 /* AppDelegate.m in Sources */ = {isa = PBXBuildFile; fileRef = CACAD2221D1BCA500008B4B6 /* AppDelegate.m */; };
		CACAD22A1D1BCA500008B4B6 /* main.m in Sources */ = {isa = PBXBuildFile; fileRef = CACAD2231D1BCA500008B4B6 /* main.m */; };
		CACAD22F1D1BCB020008B4B6 /* RRMainViewController.m in Sources */ = {isa = PBXBuildFile; fileRef = CACAD22E1D1BCB020008B4B6 /* RRMainViewController.m */; };
		CACAD2331D1BD3960008B4B6 /* RRFJTableViewController.m in Sources */ = {isa = PBXBuildFile; fileRef = CACAD2311D1BD3960008B4B6 /* RRFJTableViewController.m */; };
		CACAD2381D1BD3A70008B4B6 /* RRWDViewController.m in Sources */ = {isa = PBXBuildFile; fileRef = CACAD2361D1BD3A70008B4B6 /* RRWDViewController.m */; };
		CACAD23C1D1BD3B40008B4B6 /* RRMusicViewController.m in Sources */ = {isa = PBXBuildFile; fileRef = CACAD23B1D1BD3B40008B4B6 /* RRMusicViewController.m */; };
		CACAD23F1D1BD53F0008B4B6 /* RRNavController.m in Sources */ = {isa = PBXBuildFile; fileRef = CACAD23E1D1BD53F0008B4B6 /* RRNavController.m */; };
/* End PBXBuildFile section */

/* Begin PBXContainerItemProxy section */
		CACAD2031D1B9E790008B4B6 /* PBXContainerItemProxy */ = {
			isa = PBXContainerItemProxy;
			containerPortal = CACAD1E11D1B9E780008B4B6 /* Project object */;
			proxyType = 1;
			remoteGlobalIDString = CACAD1E81D1B9E780008B4B6;
			remoteInfo = RRBliBli;
		};
		CACAD20E1D1B9E790008B4B6 /* PBXContainerItemProxy */ = {
			isa = PBXContainerItemProxy;
			containerPortal = CACAD1E11D1B9E780008B4B6 /* Project object */;
			proxyType = 1;
			remoteGlobalIDString = CACAD1E81D1B9E780008B4B6;
			remoteInfo = RRBliBli;
		};
/* End PBXContainerItemProxy section */

/* Begin PBXFileReference section */
		BCA14AA3B407A429F20E405F /* libPods-RRBliBli.a */ = {isa = PBXFileReference; explicitFileType = archive.ar; includeInIndex = 0; path = "libPods-RRBliBli.a"; sourceTree = BUILT_PRODUCTS_DIR; };
		CACAD1E91D1B9E780008B4B6 /* RRBliBli.app */ = {isa = PBXFileReference; explicitFileType = wrapper.application; includeInIndex = 0; path = RRBliBli.app; sourceTree = BUILT_PRODUCTS_DIR; };
		CACAD1F61D1B9E780008B4B6 /* Base */ = {isa = PBXFileReference; lastKnownFileType = file.storyboard; name = Base; path = Base.lproj/Main.storyboard; sourceTree = "<group>"; };
		CACAD1F81D1B9E780008B4B6 /* Assets.xcassets */ = {isa = PBXFileReference; lastKnownFileType = folder.assetcatalog; path = Assets.xcassets; sourceTree = "<group>"; };
		CACAD1FB1D1B9E780008B4B6 /* Base */ = {isa = PBXFileReference; lastKnownFileType = file.storyboard; name = Base; path = Base.lproj/LaunchScreen.storyboard; sourceTree = "<group>"; };
		CACAD1FD1D1B9E780008B4B6 /* Info.plist */ = {isa = PBXFileReference; lastKnownFileType = text.plist.xml; path = Info.plist; sourceTree = "<group>"; };
		CACAD2021D1B9E780008B4B6 /* RRBliBliTests.xctest */ = {isa = PBXFileReference; explicitFileType = wrapper.cfbundle; includeInIndex = 0; path = RRBliBliTests.xctest; sourceTree = BUILT_PRODUCTS_DIR; };
		CACAD2061D1B9E790008B4B6 /* RRBliBliTests.m */ = {isa = PBXFileReference; lastKnownFileType = sourcecode.c.objc; path = RRBliBliTests.m; sourceTree = "<group>"; };
		CACAD2081D1B9E790008B4B6 /* Info.plist */ = {isa = PBXFileReference; lastKnownFileType = text.plist.xml; path = Info.plist; sourceTree = "<group>"; };
		CACAD20D1D1B9E790008B4B6 /* RRBliBliUITests.xctest */ = {isa = PBXFileReference; explicitFileType = wrapper.cfbundle; includeInIndex = 0; path = RRBliBliUITests.xctest; sourceTree = BUILT_PRODUCTS_DIR; };
		CACAD2111D1B9E790008B4B6 /* RRBliBliUITests.m */ = {isa = PBXFileReference; lastKnownFileType = sourcecode.c.objc; path = RRBliBliUITests.m; sourceTree = "<group>"; };
		CACAD2131D1B9E790008B4B6 /* Info.plist */ = {isa = PBXFileReference; lastKnownFileType = text.plist.xml; path = Info.plist; sourceTree = "<group>"; };
		CACAD2211D1BCA500008B4B6 /* AppDelegate.h */ = {isa = PBXFileReference; fileEncoding = 4; lastKnownFileType = sourcecode.c.h; path = AppDelegate.h; sourceTree = "<group>"; };
		CACAD2221D1BCA500008B4B6 /* AppDelegate.m */ = {isa = PBXFileReference; fileEncoding = 4; lastKnownFileType = sourcecode.c.objc; path = AppDelegate.m; sourceTree = "<group>"; };
		CACAD2231D1BCA500008B4B6 /* main.m */ = {isa = PBXFileReference; fileEncoding = 4; lastKnownFileType = sourcecode.c.objc; path = main.m; sourceTree = "<group>"; };
		CACAD22D1D1BCB020008B4B6 /* RRMainViewController.h */ = {isa = PBXFileReference; fileEncoding = 4; lastKnownFileType = sourcecode.c.h; path = RRMainViewController.h; sourceTree = "<group>"; };
		CACAD22E1D1BCB020008B4B6 /* RRMainViewController.m */ = {isa = PBXFileReference; fileEncoding = 4; lastKnownFileType = sourcecode.c.objc; path = RRMainViewController.m; sourceTree = "<group>"; };
		CACAD2301D1BD3960008B4B6 /* RRFJTableViewController.h */ = {isa = PBXFileReference; fileEncoding = 4; lastKnownFileType = sourcecode.c.h; path = RRFJTableViewController.h; sourceTree = "<group>"; };
		CACAD2311D1BD3960008B4B6 /* RRFJTableViewController.m */ = {isa = PBXFileReference; fileEncoding = 4; lastKnownFileType = sourcecode.c.objc; path = RRFJTableViewController.m; sourceTree = "<group>"; };
		CACAD2351D1BD3A70008B4B6 /* RRWDViewController.h */ = {isa = PBXFileReference; fileEncoding = 4; lastKnownFileType = sourcecode.c.h; path = RRWDViewController.h; sourceTree = "<group>"; };
		CACAD2361D1BD3A70008B4B6 /* RRWDViewController.m */ = {isa = PBXFileReference; fileEncoding = 4; lastKnownFileType = sourcecode.c.objc; path = RRWDViewController.m; sourceTree = "<group>"; };
		CACAD23A1D1BD3B40008B4B6 /* RRMusicViewController.h */ = {isa = PBXFileReference; fileEncoding = 4; lastKnownFileType = sourcecode.c.h; path = RRMusicViewController.h; sourceTree = "<group>"; };
		CACAD23B1D1BD3B40008B4B6 /* RRMusicViewController.m */ = {isa = PBXFileReference; fileEncoding = 4; lastKnownFileType = sourcecode.c.objc; path = RRMusicViewController.m; sourceTree = "<group>"; };
		CACAD23D1D1BD53F0008B4B6 /* RRNavController.h */ = {isa = PBXFileReference; fileEncoding = 4; lastKnownFileType = sourcecode.c.h; path = RRNavController.h; sourceTree = "<group>"; };
		CACAD23E1D1BD53F0008B4B6 /* RRNavController.m */ = {isa = PBXFileReference; fileEncoding = 4; lastKnownFileType = sourcecode.c.objc; path = RRNavController.m; sourceTree = "<group>"; };
		E7AA653DE9A7CE0C14AEE5C2 /* Pods-RRBliBli.release.xcconfig */ = {isa = PBXFileReference; includeInIndex = 1; lastKnownFileType = text.xcconfig; name = "Pods-RRBliBli.release.xcconfig"; path = "Pods/Target Support Files/Pods-RRBliBli/Pods-RRBliBli.release.xcconfig"; sourceTree = "<group>"; };
		FC968A2E31C3022BA6D5551F /* Pods-RRBliBli.debug.xcconfig */ = {isa = PBXFileReference; includeInIndex = 1; lastKnownFileType = text.xcconfig; name = "Pods-RRBliBli.debug.xcconfig"; path = "Pods/Target Support Files/Pods-RRBliBli/Pods-RRBliBli.debug.xcconfig"; sourceTree = "<group>"; };
/* End PBXFileReference section */

/* Begin PBXFrameworksBuildPhase section */
		CACAD1E61D1B9E780008B4B6 /* Frameworks */ = {
			isa = PBXFrameworksBuildPhase;
			buildActionMask = 2147483647;
			files = (
				16AC9C899D007E4470302AFD /* libPods-RRBliBli.a in Frameworks */,
			);
			runOnlyForDeploymentPostprocessing = 0;
		};
		CACAD1FF1D1B9E780008B4B6 /* Frameworks */ = {
			isa = PBXFrameworksBuildPhase;
			buildActionMask = 2147483647;
			files = (
			);
			runOnlyForDeploymentPostprocessing = 0;
		};
		CACAD20A1D1B9E790008B4B6 /* Frameworks */ = {
			isa = PBXFrameworksBuildPhase;
			buildActionMask = 2147483647;
			files = (
			);
			runOnlyForDeploymentPostprocessing = 0;
		};
/* End PBXFrameworksBuildPhase section */

/* Begin PBXGroup section */
		96CFF20BB6452FDE895150E8 /* Frameworks */ = {
			isa = PBXGroup;
			children = (
				BCA14AA3B407A429F20E405F /* libPods-RRBliBli.a */,
			);
			name = Frameworks;
			sourceTree = "<group>";
		};
		BA197120FF7EAA25889DAC80 /* Pods */ = {
			isa = PBXGroup;
			children = (
				FC968A2E31C3022BA6D5551F /* Pods-RRBliBli.debug.xcconfig */,
				E7AA653DE9A7CE0C14AEE5C2 /* Pods-RRBliBli.release.xcconfig */,
			);
			name = Pods;
			sourceTree = "<group>";
		};
		CACAD1E01D1B9E780008B4B6 = {
			isa = PBXGroup;
			children = (
				CACAD1EB1D1B9E780008B4B6 /* RRBliBli */,
				CACAD2051D1B9E790008B4B6 /* RRBliBliTests */,
				CACAD2101D1B9E790008B4B6 /* RRBliBliUITests */,
				CACAD1EA1D1B9E780008B4B6 /* Products */,
				BA197120FF7EAA25889DAC80 /* Pods */,
				96CFF20BB6452FDE895150E8 /* Frameworks */,
			);
			sourceTree = "<group>";
		};
		CACAD1EA1D1B9E780008B4B6 /* Products */ = {
			isa = PBXGroup;
			children = (
				CACAD1E91D1B9E780008B4B6 /* RRBliBli.app */,
				CACAD2021D1B9E780008B4B6 /* RRBliBliTests.xctest */,
				CACAD20D1D1B9E790008B4B6 /* RRBliBliUITests.xctest */,
			);
			name = Products;
			sourceTree = "<group>";
		};
		CACAD1EB1D1B9E780008B4B6 /* RRBliBli */ = {
			isa = PBXGroup;
			children = (
				CACAD21F1D1BCA500008B4B6 /* Class */,
				CACAD1F51D1B9E780008B4B6 /* Main.storyboard */,
				CACAD1F81D1B9E780008B4B6 /* Assets.xcassets */,
				CACAD1FA1D1B9E780008B4B6 /* LaunchScreen.storyboard */,
				CACAD1FD1D1B9E780008B4B6 /* Info.plist */,
				CACAD1EC1D1B9E780008B4B6 /* Supporting Files */,
			);
			path = RRBliBli;
			sourceTree = "<group>";
		};
		CACAD1EC1D1B9E780008B4B6 /* Supporting Files */ = {
			isa = PBXGroup;
			children = (
			);
			name = "Supporting Files";
			sourceTree = "<group>";
		};
		CACAD2051D1B9E790008B4B6 /* RRBliBliTests */ = {
			isa = PBXGroup;
			children = (
				CACAD2061D1B9E790008B4B6 /* RRBliBliTests.m */,
				CACAD2081D1B9E790008B4B6 /* Info.plist */,
			);
			path = RRBliBliTests;
			sourceTree = "<group>";
		};
		CACAD2101D1B9E790008B4B6 /* RRBliBliUITests */ = {
			isa = PBXGroup;
			children = (
				CACAD2111D1B9E790008B4B6 /* RRBliBliUITests.m */,
				CACAD2131D1B9E790008B4B6 /* Info.plist */,
			);
			path = RRBliBliUITests;
			sourceTree = "<group>";
		};
		CACAD21F1D1BCA500008B4B6 /* Class */ = {
			isa = PBXGroup;
			children = (
				CACAD22C1D1BCADF0008B4B6 /* Main */,
				CACAD2201D1BCA500008B4B6 /* Other */,
				CACAD2261D1BCA500008B4B6 /* 番剧 */,
				CACAD2271D1BCA500008B4B6 /* 舞蹈 */,
				CACAD2281D1BCA500008B4B6 /* 音乐 */,
			);
			path = Class;
			sourceTree = "<group>";
		};
		CACAD2201D1BCA500008B4B6 /* Other */ = {
			isa = PBXGroup;
			children = (
				CACAD2211D1BCA500008B4B6 /* AppDelegate.h */,
				CACAD2221D1BCA500008B4B6 /* AppDelegate.m */,
				CACAD2231D1BCA500008B4B6 /* main.m */,
			);
			path = Other;
			sourceTree = "<group>";
		};
		CACAD2261D1BCA500008B4B6 /* 番剧 */ = {
			isa = PBXGroup;
			children = (
				CACAD2301D1BD3960008B4B6 /* RRFJTableViewController.h */,
				CACAD2311D1BD3960008B4B6 /* RRFJTableViewController.m */,
			);
			path = "番剧";
			sourceTree = "<group>";
		};
		CACAD2271D1BCA500008B4B6 /* 舞蹈 */ = {
			isa = PBXGroup;
			children = (
				CACAD2351D1BD3A70008B4B6 /* RRWDViewController.h */,
				CACAD2361D1BD3A70008B4B6 /* RRWDViewController.m */,
			);
			path = "舞蹈";
			sourceTree = "<group>";
		};
		CACAD2281D1BCA500008B4B6 /* 音乐 */ = {
			isa = PBXGroup;
			children = (
				CACAD23A1D1BD3B40008B4B6 /* RRMusicViewController.h */,
				CACAD23B1D1BD3B40008B4B6 /* RRMusicViewController.m */,
			);
			path = "音乐";
			sourceTree = "<group>";
		};
		CACAD22C1D1BCADF0008B4B6 /* Main */ = {
			isa = PBXGroup;
			children = (
				CACAD22D1D1BCB020008B4B6 /* RRMainViewController.h */,
				CACAD22E1D1BCB020008B4B6 /* RRMainViewController.m */,
				CACAD23D1D1BD53F0008B4B6 /* RRNavController.h */,
				CACAD23E1D1BD53F0008B4B6 /* RRNavController.m */,
			);
			name = Main;
			sourceTree = "<group>";
		};
/* End PBXGroup section */

/* Begin PBXNativeTarget section */
		CACAD1E81D1B9E780008B4B6 /* RRBliBli */ = {
			isa = PBXNativeTarget;
			buildConfigurationList = CACAD2161D1B9E790008B4B6 /* Build configuration list for PBXNativeTarget "RRBliBli" */;
			buildPhases = (
				60A6BEE2B1BE9B8E93C9DABA /* [CP] Check Pods Manifest.lock */,
				CACAD1E51D1B9E780008B4B6 /* Sources */,
				CACAD1E61D1B9E780008B4B6 /* Frameworks */,
				CACAD1E71D1B9E780008B4B6 /* Resources */,
				1D9BED15E8AB16A0A5AC0014 /* [CP] Embed Pods Frameworks */,
				25ADF67883E100E72C9B3571 /* [CP] Copy Pods Resources */,
			);
			buildRules = (
			);
			dependencies = (
			);
			name = RRBliBli;
			productName = RRBliBli;
			productReference = CACAD1E91D1B9E780008B4B6 /* RRBliBli.app */;
			productType = "com.apple.product-type.application";
		};
		CACAD2011D1B9E780008B4B6 /* RRBliBliTests */ = {
			isa = PBXNativeTarget;
			buildConfigurationList = CACAD2191D1B9E790008B4B6 /* Build configuration list for PBXNativeTarget "RRBliBliTests" */;
			buildPhases = (
				CACAD1FE1D1B9E780008B4B6 /* Sources */,
				CACAD1FF1D1B9E780008B4B6 /* Frameworks */,
				CACAD2001D1B9E780008B4B6 /* Resources */,
			);
			buildRules = (
			);
			dependencies = (
				CACAD2041D1B9E790008B4B6 /* PBXTargetDependency */,
			);
			name = RRBliBliTests;
			productName = RRBliBliTests;
			productReference = CACAD2021D1B9E780008B4B6 /* RRBliBliTests.xctest */;
			productType = "com.apple.product-type.bundle.unit-test";
		};
		CACAD20C1D1B9E790008B4B6 /* RRBliBliUITests */ = {
			isa = PBXNativeTarget;
			buildConfigurationList = CACAD21C1D1B9E790008B4B6 /* Build configuration list for PBXNativeTarget "RRBliBliUITests" */;
			buildPhases = (
				CACAD2091D1B9E790008B4B6 /* Sources */,
				CACAD20A1D1B9E790008B4B6 /* Frameworks */,
				CACAD20B1D1B9E790008B4B6 /* Resources */,
			);
			buildRules = (
			);
			dependencies = (
				CACAD20F1D1B9E790008B4B6 /* PBXTargetDependency */,
			);
			name = RRBliBliUITests;
			productName = RRBliBliUITests;
			productReference = CACAD20D1D1B9E790008B4B6 /* RRBliBliUITests.xctest */;
			productType = "com.apple.product-type.bundle.ui-testing";
		};
/* End PBXNativeTarget section */

/* Begin PBXProject section */
		CACAD1E11D1B9E780008B4B6 /* Project object */ = {
			isa = PBXProject;
			attributes = {
				LastUpgradeCheck = 0730;
				ORGANIZATIONNAME = Rochester;
				TargetAttributes = {
					CACAD1E81D1B9E780008B4B6 = {
						CreatedOnToolsVersion = 7.3.1;
					};
					CACAD2011D1B9E780008B4B6 = {
						CreatedOnToolsVersion = 7.3.1;
						TestTargetID = CACAD1E81D1B9E780008B4B6;
					};
					CACAD20C1D1B9E790008B4B6 = {
						CreatedOnToolsVersion = 7.3.1;
						TestTargetID = CACAD1E81D1B9E780008B4B6;
					};
				};
			};
			buildConfigurationList = CACAD1E41D1B9E780008B4B6 /* Build configuration list for PBXProject "RRBliBli" */;
			compatibilityVersion = "Xcode 3.2";
			developmentRegion = English;
			hasScannedForEncodings = 0;
			knownRegions = (
				en,
				Base,
			);
			mainGroup = CACAD1E01D1B9E780008B4B6;
			productRefGroup = CACAD1EA1D1B9E780008B4B6 /* Products */;
			projectDirPath = "";
			projectRoot = "";
			targets = (
				CACAD1E81D1B9E780008B4B6 /* RRBliBli */,
				CACAD2011D1B9E780008B4B6 /* RRBliBliTests */,
				CACAD20C1D1B9E790008B4B6 /* RRBliBliUITests */,
			);
		};
/* End PBXProject section */

/* Begin PBXResourcesBuildPhase section */
		CACAD1E71D1B9E780008B4B6 /* Resources */ = {
			isa = PBXResourcesBuildPhase;
			buildActionMask = 2147483647;
			files = (
				CACAD1FC1D1B9E780008B4B6 /* LaunchScreen.storyboard in Resources */,
				CACAD1F91D1B9E780008B4B6 /* Assets.xcassets in Resources */,
				CACAD1F71D1B9E780008B4B6 /* Main.storyboard in Resources */,
			);
			runOnlyForDeploymentPostprocessing = 0;
		};
		CACAD2001D1B9E780008B4B6 /* Resources */ = {
			isa = PBXResourcesBuildPhase;
			buildActionMask = 2147483647;
			files = (
			);
			runOnlyForDeploymentPostprocessing = 0;
		};
		CACAD20B1D1B9E790008B4B6 /* Resources */ = {
			isa = PBXResourcesBuildPhase;
			buildActionMask = 2147483647;
			files = (
			);
			runOnlyForDeploymentPostprocessing = 0;
		};
/* End PBXResourcesBuildPhase section */

/* Begin PBXShellScriptBuildPhase section */
		1D9BED15E8AB16A0A5AC0014 /* [CP] Embed Pods Frameworks */ = {
			isa = PBXShellScriptBuildPhase;
			buildActionMask = 2147483647;
			files = (
			);
			inputPaths = (
			);
			name = "[CP] Embed Pods Frameworks";
			outputPaths = (
			);
			runOnlyForDeploymentPostprocessing = 0;
			shellPath = /bin/sh;
			shellScript = "\"${SRCROOT}/Pods/Target Support Files/Pods-RRBliBli/Pods-RRBliBli-frameworks.sh\"\n";
			showEnvVarsInLog = 0;
		};
		25ADF67883E100E72C9B3571 /* [CP] Copy Pods Resources */ = {
			isa = PBXShellScriptBuildPhase;
			buildActionMask = 2147483647;
			files = (
			);
			inputPaths = (
			);
			name = "[CP] Copy Pods Resources";
			outputPaths = (
			);
			runOnlyForDeploymentPostprocessing = 0;
			shellPath = /bin/sh;
			shellScript = "\"${SRCROOT}/Pods/Target Support Files/Pods-RRBliBli/Pods-RRBliBli-resources.sh\"\n";
			showEnvVarsInLog = 0;
		};
		60A6BEE2B1BE9B8E93C9DABA /* [CP] Check Pods Manifest.lock */ = {
			isa = PBXShellScriptBuildPhase;
			buildActionMask = 2147483647;
			files = (
			);
			inputPaths = (
			);
			name = "[CP] Check Pods Manifest.lock";
			outputPaths = (
			);
			runOnlyForDeploymentPostprocessing = 0;
			shellPath = /bin/sh;
			shellScript = "diff \"${PODS_ROOT}/../Podfile.lock\" \"${PODS_ROOT}/Manifest.lock\" > /dev/null\nif [[ $? != 0 ]] ; then\n    cat << EOM\nerror: The sandbox is not in sync with the Podfile.lock. Run 'pod install' or update your CocoaPods installation.\nEOM\n    exit 1\nfi\n";
			showEnvVarsInLog = 0;
		};
/* End PBXShellScriptBuildPhase section */

/* Begin PBXSourcesBuildPhase section */
		CACAD1E51D1B9E780008B4B6 /* Sources */ = {
			isa = PBXSourcesBuildPhase;
			buildActionMask = 2147483647;
			files = (
				CACAD23F1D1BD53F0008B4B6 /* RRNavController.m in Sources */,
				CACAD23C1D1BD3B40008B4B6 /* RRMusicViewController.m in Sources */,
				CACAD22F1D1BCB020008B4B6 /* RRMainViewController.m in Sources */,
				CACAD22A1D1BCA500008B4B6 /* main.m in Sources */,
				CACAD2381D1BD3A70008B4B6 /* RRWDViewController.m in Sources */,
				CACAD2291D1BCA500008B4B6 /* AppDelegate.m in Sources */,
				CACAD2331D1BD3960008B4B6 /* RRFJTableViewController.m in Sources */,
			);
			runOnlyForDeploymentPostprocessing = 0;
		};
		CACAD1FE1D1B9E780008B4B6 /* Sources */ = {
			isa = PBXSourcesBuildPhase;
			buildActionMask = 2147483647;
			files = (
				CACAD2071D1B9E790008B4B6 /* RRBliBliTests.m in Sources */,
			);
			runOnlyForDeploymentPostprocessing = 0;
		};
		CACAD2091D1B9E790008B4B6 /* Sources */ = {
			isa = PBXSourcesBuildPhase;
			buildActionMask = 2147483647;
			files = (
				CACAD2121D1B9E790008B4B6 /* RRBliBliUITests.m in Sources */,
			);
			runOnlyForDeploymentPostprocessing = 0;
		};
/* End PBXSourcesBuildPhase section */

/* Begin PBXTargetDependency section */
		CACAD2041D1B9E790008B4B6 /* PBXTargetDependency */ = {
			isa = PBXTargetDependency;
			target = CACAD1E81D1B9E780008B4B6 /* RRBliBli */;
			targetProxy = CACAD2031D1B9E790008B4B6 /* PBXContainerItemProxy */;
		};
		CACAD20F1D1B9E790008B4B6 /* PBXTargetDependency */ = {
			isa = PBXTargetDependency;
			target = CACAD1E81D1B9E780008B4B6 /* RRBliBli */;
			targetProxy = CACAD20E1D1B9E790008B4B6 /* PBXContainerItemProxy */;
		};
/* End PBXTargetDependency section */

/* Begin PBXVariantGroup section */
		CACAD1F51D1B9E780008B4B6 /* Main.storyboard */ = {
			isa = PBXVariantGroup;
			children = (
				CACAD1F61D1B9E780008B4B6 /* Base */,
			);
			name = Main.storyboard;
			sourceTree = "<group>";
		};
		CACAD1FA1D1B9E780008B4B6 /* LaunchScreen.storyboard */ = {
			isa = PBXVariantGroup;
			children = (
				CACAD1FB1D1B9E780008B4B6 /* Base */,
			);
			name = LaunchScreen.storyboard;
			sourceTree = "<group>";
		};
/* End PBXVariantGroup section */

/* Begin XCBuildConfiguration section */
		CACAD2141D1B9E790008B4B6 /* Debug */ = {
			isa = XCBuildConfiguration;
			buildSettings = {
				ALWAYS_SEARCH_USER_PATHS = NO;
				CLANG_ANALYZER_NONNULL = YES;
				CLANG_CXX_LANGUAGE_STANDARD = "gnu++0x";
				CLANG_CXX_LIBRARY = "libc++";
				CLANG_ENABLE_MODULES = YES;
				CLANG_ENABLE_OBJC_ARC = YES;
				CLANG_WARN_BOOL_CONVERSION = YES;
				CLANG_WARN_CONSTANT_CONVERSION = YES;
				CLANG_WARN_DIRECT_OBJC_ISA_USAGE = YES_ERROR;
				CLANG_WARN_EMPTY_BODY = YES;
				CLANG_WARN_ENUM_CONVERSION = YES;
				CLANG_WARN_INT_CONVERSION = YES;
				CLANG_WARN_OBJC_ROOT_CLASS = YES_ERROR;
				CLANG_WARN_UNREACHABLE_CODE = YES;
				CLANG_WARN__DUPLICATE_METHOD_MATCH = YES;
				"CODE_SIGN_IDENTITY[sdk=iphoneos*]" = "iPhone Developer";
				COPY_PHASE_STRIP = NO;
				DEBUG_INFORMATION_FORMAT = dwarf;
				ENABLE_STRICT_OBJC_MSGSEND = YES;
				ENABLE_TESTABILITY = YES;
				GCC_C_LANGUAGE_STANDARD = gnu99;
				GCC_DYNAMIC_NO_PIC = NO;
				GCC_NO_COMMON_BLOCKS = YES;
				GCC_OPTIMIZATION_LEVEL = 0;
				GCC_PREPROCESSOR_DEFINITIONS = (
					"DEBUG=1",
					"$(inherited)",
				);
				GCC_WARN_64_TO_32_BIT_CONVERSION = YES;
				GCC_WARN_ABOUT_RETURN_TYPE = YES_ERROR;
				GCC_WARN_UNDECLARED_SELECTOR = YES;
				GCC_WARN_UNINITIALIZED_AUTOS = YES_AGGRESSIVE;
				GCC_WARN_UNUSED_FUNCTION = YES;
				GCC_WARN_UNUSED_VARIABLE = YES;
				IPHONEOS_DEPLOYMENT_TARGET = 9.3;
				MTL_ENABLE_DEBUG_INFO = YES;
				ONLY_ACTIVE_ARCH = YES;
				SDKROOT = iphoneos;
			};
			name = Debug;
		};
		CACAD2151D1B9E790008B4B6 /* Release */ = {
			isa = XCBuildConfiguration;
			buildSettings = {
				ALWAYS_SEARCH_USER_PATHS = NO;
				CLANG_ANALYZER_NONNULL = YES;
				CLANG_CXX_LANGUAGE_STANDARD = "gnu++0x";
				CLANG_CXX_LIBRARY = "libc++";
				CLANG_ENABLE_MODULES = YES;
				CLANG_ENABLE_OBJC_ARC = YES;
				CLANG_WARN_BOOL_CONVERSION = YES;
				CLANG_WARN_CONSTANT_CONVERSION = YES;
				CLANG_WARN_DIRECT_OBJC_ISA_USAGE = YES_ERROR;
				CLANG_WARN_EMPTY_BODY = YES;
				CLANG_WARN_ENUM_CONVERSION = YES;
				CLANG_WARN_INT_CONVERSION = YES;
				CLANG_WARN_OBJC_ROOT_CLASS = YES_ERROR;
				CLANG_WARN_UNREACHABLE_CODE = YES;
				CLANG_WARN__DUPLICATE_METHOD_MATCH = YES;
				"CODE_SIGN_IDENTITY[sdk=iphoneos*]" = "iPhone Developer";
				COPY_PHASE_STRIP = NO;
				DEBUG_INFORMATION_FORMAT = "dwarf-with-dsym";
				ENABLE_NS_ASSERTIONS = NO;
				ENABLE_STRICT_OBJC_MSGSEND = YES;
				GCC_C_LANGUAGE_STANDARD = gnu99;
				GCC_NO_COMMON_BLOCKS = YES;
				GCC_WARN_64_TO_32_BIT_CONVERSION = YES;
				GCC_WARN_ABOUT_RETURN_TYPE = YES_ERROR;
				GCC_WARN_UNDECLARED_SELECTOR = YES;
				GCC_WARN_UNINITIALIZED_AUTOS = YES_AGGRESSIVE;
				GCC_WARN_UNUSED_FUNCTION = YES;
				GCC_WARN_UNUSED_VARIABLE = YES;
				IPHONEOS_DEPLOYMENT_TARGET = 9.3;
				MTL_ENABLE_DEBUG_INFO = NO;
				SDKROOT = iphoneos;
				VALIDATE_PRODUCT = YES;
			};
			name = Release;
		};
		CACAD2171D1B9E790008B4B6 /* Debug */ = {
			isa = XCBuildConfiguration;
			baseConfigurationReference = FC968A2E31C3022BA6D5551F /* Pods-RRBliBli.debug.xcconfig */;
			buildSettings = {
				ASSETCATALOG_COMPILER_APPICON_NAME = AppIcon;
				INFOPLIST_FILE = RRBliBli/Info.plist;
				LD_RUNPATH_SEARCH_PATHS = "$(inherited) @executable_path/Frameworks";
				PRODUCT_BUNDLE_IDENTIFIER = "-rui.RRBliBli";
				PRODUCT_NAME = "$(TARGET_NAME)";
			};
			name = Debug;
		};
		CACAD2181D1B9E790008B4B6 /* Release */ = {
			isa = XCBuildConfiguration;
			baseConfigurationReference = E7AA653DE9A7CE0C14AEE5C2 /* Pods-RRBliBli.release.xcconfig */;
			buildSettings = {
				ASSETCATALOG_COMPILER_APPICON_NAME = AppIcon;
				INFOPLIST_FILE = RRBliBli/Info.plist;
				LD_RUNPATH_SEARCH_PATHS = "$(inherited) @executable_path/Frameworks";
				PRODUCT_BUNDLE_IDENTIFIER = "-rui.RRBliBli";
				PRODUCT_NAME = "$(TARGET_NAME)";
			};
			name = Release;
		};
		CACAD21A1D1B9E790008B4B6 /* Debug */ = {
			isa = XCBuildConfiguration;
			buildSettings = {
				BUNDLE_LOADER = "$(TEST_HOST)";
				INFOPLIST_FILE = RRBliBliTests/Info.plist;
				LD_RUNPATH_SEARCH_PATHS = "$(inherited) @executable_path/Frameworks @loader_path/Frameworks";
				PRODUCT_BUNDLE_IDENTIFIER = "-rui.RRBliBliTests";
				PRODUCT_NAME = "$(TARGET_NAME)";
				TEST_HOST = "$(BUILT_PRODUCTS_DIR)/RRBliBli.app/RRBliBli";
			};
			name = Debug;
		};
		CACAD21B1D1B9E790008B4B6 /* Release */ = {
			isa = XCBuildConfiguration;
			buildSettings = {
				BUNDLE_LOADER = "$(TEST_HOST)";
				INFOPLIST_FILE = RRBliBliTests/Info.plist;
				LD_RUNPATH_SEARCH_PATHS = "$(inherited) @executable_path/Frameworks @loader_path/Frameworks";
				PRODUCT_BUNDLE_IDENTIFIER = "-rui.RRBliBliTests";
				PRODUCT_NAME = "$(TARGET_NAME)";
				TEST_HOST = "$(BUILT_PRODUCTS_DIR)/RRBliBli.app/RRBliBli";
			};
			name = Release;
		};
		CACAD21D1D1B9E790008B4B6 /* Debug */ = {
			isa = XCBuildConfiguration;
			buildSettings = {
				INFOPLIST_FILE = RRBliBliUITests/Info.plist;
				LD_RUNPATH_SEARCH_PATHS = "$(inherited) @executable_path/Frameworks @loader_path/Frameworks";
				PRODUCT_BUNDLE_IDENTIFIER = "-rui.RRBliBliUITests";
				PRODUCT_NAME = "$(TARGET_NAME)";
				TEST_TARGET_NAME = RRBliBli;
			};
			name = Debug;
		};
		CACAD21E1D1B9E790008B4B6 /* Release */ = {
			isa = XCBuildConfiguration;
			buildSettings = {
				INFOPLIST_FILE = RRBliBliUITests/Info.plist;
				LD_RUNPATH_SEARCH_PATHS = "$(inherited) @executable_path/Frameworks @loader_path/Frameworks";
				PRODUCT_BUNDLE_IDENTIFIER = "-rui.RRBliBliUITests";
				PRODUCT_NAME = "$(TARGET_NAME)";
				TEST_TARGET_NAME = RRBliBli;
			};
			name = Release;
		};
/* End XCBuildConfiguration section */

/* Begin XCConfigurationList section */
		CACAD1E41D1B9E780008B4B6 /* Build configuration list for PBXProject "RRBliBli" */ = {
			isa = XCConfigurationList;
			buildConfigurations = (
				CACAD2141D1B9E790008B4B6 /* Debug */,
				CACAD2151D1B9E790008B4B6 /* Release */,
			);
			defaultConfigurationIsVisible = 0;
			defaultConfigurationName = Release;
		};
		CACAD2161D1B9E790008B4B6 /* Build configuration list for PBXNativeTarget "RRBliBli" */ = {
			isa = XCConfigurationList;
			buildConfigurations = (
				CACAD2171D1B9E790008B4B6 /* Debug */,
				CACAD2181D1B9E790008B4B6 /* Release */,
			);
			defaultConfigurationIsVisible = 0;
			defaultConfigurationName = Release;
		};
		CACAD2191D1B9E790008B4B6 /* Build configuration list for PBXNativeTarget "RRBliBliTests" */ = {
			isa = XCConfigurationList;
			buildConfigurations = (
				CACAD21A1D1B9E790008B4B6 /* Debug */,
				CACAD21B1D1B9E790008B4B6 /* Release */,
			);
			defaultConfigurationIsVisible = 0;
			defaultConfigurationName = Release;
		};
		CACAD21C1D1B9E790008B4B6 /* Build configuration list for PBXNativeTarget "RRBliBliUITests" */ = {
			isa = XCConfigurationList;
			buildConfigurations = (
				CACAD21D1D1B9E790008B4B6 /* Debug */,
				CACAD21E1D1B9E790008B4B6 /* Release */,
			);
			defaultConfigurationIsVisible = 0;
			defaultConfigurationName = Release;
		};
/* End XCConfigurationList section */
	};
	rootObject = CACAD1E11D1B9E780008B4B6 /* Project object */;
}
