PODS:
  - AFNetworking (3.1.0):
    - AFNetworking/NSURLSession (= 3.1.0)
    - AFNetworking/Reachability (= 3.1.0)
    - AFNetworking/Security (= 3.1.0)
    - AFNetworking/Serialization (= 3.1.0)
    - AFNetworking/UIKit (= 3.1.0)
  - AFNetworking/NSURLSession (3.1.0):
    - AFNetworking/Reachability
    - AFNetworking/Security
    - AFNetworking/Serialization
  - AFNetworking/Reachability (3.1.0)
  - AFNetworking/Security (3.1.0)
  - AFNetworking/Serialization (3.1.0)
  - AFNetworking/UIKit (3.1.0):
    - AFNetworking/NSURLSession
  - UMengSocialCOM (5.2.1)

DEPENDENCIES:
  - AFNetworking (~> 3.1.0)
  - UMengSocialCOM (~> 5.2.1)

SPEC CHECKSUMS:
  AFNetworking: 5e0e199f73d8626b11e79750991f5d173d1f8b67
  UMengSocialCOM: 074c135ce349aa4c8848d3fb8458757bcb6ffb67

PODFILE CHECKSUM: 337c525f900155c559aa94c946e1468f22938cae

COCOAPODS: 1.0.1
